SITE
  remote: http://community.opscode.com/api/v1
  specs:
    build-essential (1.4.0)
    chef_gem (0.1.0)
    yum (2.3.0)

GIT
  remote: https://github.com/edelight/chef-mongodb.git
  ref: master
  sha: e56f80b599e05ff46039b09a0fa65d325c4ba46b
  specs:
    mongodb (0.12.0)
      apt (>= 1.8.2)
      yum (>= 0.0.0)

GIT
  remote: https://github.com/fnichol/chef-rvm.git
  ref: master
  sha: 7038fb8c518d0d7785767de215b1ae463f237973
  specs:
    rvm (0.9.1)
      chef_gem (>= 0.0.0)

GIT
  remote: https://github.com/opscode-cookbooks/apt.git
  ref: master
  sha: 489d2e2d60cb08a4d2424b40f83a60b4c3a8df65
  specs:
    apt (2.0.1)

GIT
  remote: https://github.com/opscode-cookbooks/imagemagick.git
  ref: master
  sha: 20aec29c45ee3c04616bb3fa3cd5ddf4baf48f00
  specs:
    imagemagick (0.2.2)

DEPENDENCIES
  apt (>= 0)
  build-essential (>= 0)
  imagemagick (>= 0)
  mongodb (>= 0)
  rvm (>= 0)

